// !$*UTF8*$!
{
	archiveVersion = 1;
	classes = {
	};
	objectVersion = 46;
	objects = {

/* Begin PBXBuildFile section */
		A5226A391A429A9600A2A1FB /* Schedule.m in Sources */ = {isa = PBXBuildFile; fileRef = A5226A381A429A9600A2A1FB /* Schedule.m */; };
		A588A8361A3FEDA2008D7094 /* SetSchedule.m in Sources */ = {isa = PBXBuildFile; fileRef = A588A8351A3FEDA2008D7094 /* SetSchedule.m */; };
		A5B90F221A406A9800020A0E /* bus_no_sign.png in Resources */ = {isa = PBXBuildFile; fileRef = A5B90F211A406A9800020A0E /* bus_no_sign.png */; };
		A5B90F241A406A9E00020A0E /* alert_sign.png in Resources */ = {isa = PBXBuildFile; fileRef = A5B90F231A406A9E00020A0E /* alert_sign.png */; };
		A5B90F281A406D8100020A0E /* go_back.png in Resources */ = {isa = PBXBuildFile; fileRef = A5B90F271A406D8100020A0E /* go_back.png */; };
		A5E238B81A3F3F750028FD99 /* DIDatepicker.m in Sources */ = {isa = PBXBuildFile; fileRef = A5E238B31A3F3F750028FD99 /* DIDatepicker.m */; };
		A5E238B91A3F3F750028FD99 /* DIDatepickerDateView.m in Sources */ = {isa = PBXBuildFile; fileRef = A5E238B51A3F3F750028FD99 /* DIDatepickerDateView.m */; };
		A5E238BA1A3F3F750028FD99 /* SelectedAreaView.m in Sources */ = {isa = PBXBuildFile; fileRef = A5E238B71A3F3F750028FD99 /* SelectedAreaView.m */; };
		A5E238BD1A3F3FAC0028FD99 /* AddEventViewController.m in Sources */ = {isa = PBXBuildFile; fileRef = A5E238BC1A3F3FAC0028FD99 /* AddEventViewController.m */; };
		A5FEE6F61A4159B900626C7D /* Model.xcdatamodeld in Sources */ = {isa = PBXBuildFile; fileRef = A5FEE6F41A4159B900626C7D /* Model.xcdatamodeld */; };
		A5FEE7371A418AD600626C7D /* CoreDataManager.m in Sources */ = {isa = PBXBuildFile; fileRef = A5FEE7361A418AD600626C7D /* CoreDataManager.m */; };
		FF58D2571A3D3A9800EA13D5 /* SheduleCell.m in Sources */ = {isa = PBXBuildFile; fileRef = FF58D2561A3D3A9800EA13D5 /* SheduleCell.m */; };
		FF58D25B1A3D4DCB00EA13D5 /* location_sign.png in Resources */ = {isa = PBXBuildFile; fileRef = FF58D25A1A3D4DCB00EA13D5 /* location_sign.png */; };
		FF58D25F1A3D662400EA13D5 /* MapKit.framework in Frameworks */ = {isa = PBXBuildFile; fileRef = FF58D25E1A3D662400EA13D5 /* MapKit.framework */; };
		FF58D2611A3D663400EA13D5 /* CoreLocation.framework in Frameworks */ = {isa = PBXBuildFile; fileRef = FF58D2601A3D663400EA13D5 /* CoreLocation.framework */; };
		FF59B3D81A37D9C700353F8E /* main.m in Sources */ = {isa = PBXBuildFile; fileRef = FF59B3D71A37D9C700353F8E /* main.m */; };
		FF59B3DB1A37D9C700353F8E /* AppDelegate.m in Sources */ = {isa = PBXBuildFile; fileRef = FF59B3DA1A37D9C700353F8E /* AppDelegate.m */; };
		FF59B3DE1A37D9C700353F8E /* ViewController.m in Sources */ = {isa = PBXBuildFile; fileRef = FF59B3DD1A37D9C700353F8E /* ViewController.m */; };
		FF59B3E11A37D9C700353F8E /* Main.storyboard in Resources */ = {isa = PBXBuildFile; fileRef = FF59B3DF1A37D9C700353F8E /* Main.storyboard */; };
		FF59B3E31A37D9C700353F8E /* Images.xcassets in Resources */ = {isa = PBXBuildFile; fileRef = FF59B3E21A37D9C700353F8E /* Images.xcassets */; };
		FF59B3E61A37D9C700353F8E /* LaunchScreen.xib in Resources */ = {isa = PBXBuildFile; fileRef = FF59B3E41A37D9C700353F8E /* LaunchScreen.xib */; };
		FF59B3F21A37D9C700353F8E /* MapAlarmTests.m in Sources */ = {isa = PBXBuildFile; fileRef = FF59B3F11A37D9C700353F8E /* MapAlarmTests.m */; };
		FF59B3FE1A37D9FD00353F8E /* bg.png in Resources */ = {isa = PBXBuildFile; fileRef = FF59B3FC1A37D9FD00353F8E /* bg.png */; };
		FF59B3FF1A37D9FD00353F8E /* weather_background.png in Resources */ = {isa = PBXBuildFile; fileRef = FF59B3FD1A37D9FD00353F8E /* weather_background.png */; };
		FF59B4011A37F20F00353F8E /* weather_cloud.png in Resources */ = {isa = PBXBuildFile; fileRef = FF59B4001A37F20F00353F8E /* weather_cloud.png */; };
		FF59B4041A385AD000353F8E /* bus_alarm_button_normal.png in Resources */ = {isa = PBXBuildFile; fileRef = FF59B4021A385AD000353F8E /* bus_alarm_button_normal.png */; };
		FF59B4051A385AD000353F8E /* shedule_button_pressed.png in Resources */ = {isa = PBXBuildFile; fileRef = FF59B4031A385AD000353F8E /* shedule_button_pressed.png */; };
		FF59B4081A387D4D00353F8E /* bus_alarm_button_pressed.png in Resources */ = {isa = PBXBuildFile; fileRef = FF59B4061A387D4D00353F8E /* bus_alarm_button_pressed.png */; };
		FF59B4091A387D4D00353F8E /* shedule_button_normal.png in Resources */ = {isa = PBXBuildFile; fileRef = FF59B4071A387D4D00353F8E /* shedule_button_normal.png */; };
		FF59B40B1A38862F00353F8E /* shedule_table_backgound.png in Resources */ = {isa = PBXBuildFile; fileRef = FF59B40A1A38862F00353F8E /* shedule_table_backgound.png */; };
		FF59B40D1A388D1600353F8E /* setting.png in Resources */ = {isa = PBXBuildFile; fileRef = FF59B40C1A388D1600353F8E /* setting.png */; };
		FF7511971A39375400821DA4 /* today_sign.png in Resources */ = {isa = PBXBuildFile; fileRef = FF7511961A39375400821DA4 /* today_sign.png */; };
		FF75119C1A3991AF00821DA4 /* Alarm.m in Sources */ = {isa = PBXBuildFile; fileRef = FF75119B1A3991AF00821DA4 /* Alarm.m */; };
		FF8458231A3F047000D27C92 /* Util.m in Sources */ = {isa = PBXBuildFile; fileRef = FF8458221A3F047000D27C92 /* Util.m */; };
		FF84582A1A3F15D300D27C92 /* CustomAnnotation.m in Sources */ = {isa = PBXBuildFile; fileRef = FF8458291A3F15D300D27C92 /* CustomAnnotation.m */; };
		FF8458301A3F179B00D27C92 /* (null) in Resources */ = {isa = PBXBuildFile; };
/* End PBXBuildFile section */

/* Begin PBXContainerItemProxy section */
		FF59B3EC1A37D9C700353F8E /* PBXContainerItemProxy */ = {
			isa = PBXContainerItemProxy;
			containerPortal = FF59B3CA1A37D9C700353F8E /* Project object */;
			proxyType = 1;
			remoteGlobalIDString = FF59B3D11A37D9C700353F8E;
			remoteInfo = MapAlarm;
		};
/* End PBXContainerItemProxy section */

/* Begin PBXFileReference section */
		A5226A371A429A9600A2A1FB /* Schedule.h */ = {isa = PBXFileReference; fileEncoding = 4; lastKnownFileType = sourcecode.c.h; path = Schedule.h; sourceTree = "<group>"; };
		A5226A381A429A9600A2A1FB /* Schedule.m */ = {isa = PBXFileReference; fileEncoding = 4; lastKnownFileType = sourcecode.c.objc; path = Schedule.m; sourceTree = "<group>"; };
		A588A8341A3FEDA2008D7094 /* SetSchedule.h */ = {isa = PBXFileReference; fileEncoding = 4; lastKnownFileType = sourcecode.c.h; path = SetSchedule.h; sourceTree = "<group>"; };
		A588A8351A3FEDA2008D7094 /* SetSchedule.m */ = {isa = PBXFileReference; fileEncoding = 4; lastKnownFileType = sourcecode.c.objc; path = SetSchedule.m; sourceTree = "<group>"; };
		A5B90F211A406A9800020A0E /* bus_no_sign.png */ = {isa = PBXFileReference; lastKnownFileType = image.png; path = bus_no_sign.png; sourceTree = "<group>"; };
		A5B90F231A406A9E00020A0E /* alert_sign.png */ = {isa = PBXFileReference; lastKnownFileType = image.png; path = alert_sign.png; sourceTree = "<group>"; };
		A5B90F271A406D8100020A0E /* go_back.png */ = {isa = PBXFileReference; lastKnownFileType = image.png; path = go_back.png; sourceTree = "<group>"; };
		A5E238B21A3F3F750028FD99 /* DIDatepicker.h */ = {isa = PBXFileReference; fileEncoding = 4; lastKnownFileType = sourcecode.c.h; path = DIDatepicker.h; sourceTree = "<group>"; };
		A5E238B31A3F3F750028FD99 /* DIDatepicker.m */ = {isa = PBXFileReference; fileEncoding = 4; lastKnownFileType = sourcecode.c.objc; path = DIDatepicker.m; sourceTree = "<group>"; };
		A5E238B41A3F3F750028FD99 /* DIDatepickerDateView.h */ = {isa = PBXFileReference; fileEncoding = 4; lastKnownFileType = sourcecode.c.h; path = DIDatepickerDateView.h; sourceTree = "<group>"; };
		A5E238B51A3F3F750028FD99 /* DIDatepickerDateView.m */ = {isa = PBXFileReference; fileEncoding = 4; lastKnownFileType = sourcecode.c.objc; path = DIDatepickerDateView.m; sourceTree = "<group>"; };
		A5E238B61A3F3F750028FD99 /* SelectedAreaView.h */ = {isa = PBXFileReference; fileEncoding = 4; lastKnownFileType = sourcecode.c.h; path = SelectedAreaView.h; sourceTree = "<group>"; };
		A5E238B71A3F3F750028FD99 /* SelectedAreaView.m */ = {isa = PBXFileReference; fileEncoding = 4; lastKnownFileType = sourcecode.c.objc; path = SelectedAreaView.m; sourceTree = "<group>"; };
		A5E238BB1A3F3FAC0028FD99 /* AddEventViewController.h */ = {isa = PBXFileReference; fileEncoding = 4; lastKnownFileType = sourcecode.c.h; path = AddEventViewController.h; sourceTree = "<group>"; };
		A5E238BC1A3F3FAC0028FD99 /* AddEventViewController.m */ = {isa = PBXFileReference; fileEncoding = 4; lastKnownFileType = sourcecode.c.objc; path = AddEventViewController.m; sourceTree = "<group>"; };
		A5FEE6F51A4159B900626C7D /* Model.xcdatamodel */ = {isa = PBXFileReference; lastKnownFileType = wrapper.xcdatamodel; path = Model.xcdatamodel; sourceTree = "<group>"; };
		A5FEE7351A418AD600626C7D /* CoreDataManager.h */ = {isa = PBXFileReference; fileEncoding = 4; lastKnownFileType = sourcecode.c.h; path = CoreDataManager.h; sourceTree = "<group>"; };
		A5FEE7361A418AD600626C7D /* CoreDataManager.m */ = {isa = PBXFileReference; fileEncoding = 4; lastKnownFileType = sourcecode.c.objc; path = CoreDataManager.m; sourceTree = "<group>"; };
		FF58D2551A3D3A9800EA13D5 /* SheduleCell.h */ = {isa = PBXFileReference; fileEncoding = 4; lastKnownFileType = sourcecode.c.h; path = SheduleCell.h; sourceTree = "<group>"; };
		FF58D2561A3D3A9800EA13D5 /* SheduleCell.m */ = {isa = PBXFileReference; fileEncoding = 4; lastKnownFileType = sourcecode.c.objc; path = SheduleCell.m; sourceTree = "<group>"; };
		FF58D25A1A3D4DCB00EA13D5 /* location_sign.png */ = {isa = PBXFileReference; lastKnownFileType = image.png; path = location_sign.png; sourceTree = "<group>"; };
		FF58D25E1A3D662400EA13D5 /* MapKit.framework */ = {isa = PBXFileReference; lastKnownFileType = wrapper.framework; name = MapKit.framework; path = System/Library/Frameworks/MapKit.framework; sourceTree = SDKROOT; };
		FF58D2601A3D663400EA13D5 /* CoreLocation.framework */ = {isa = PBXFileReference; lastKnownFileType = wrapper.framework; name = CoreLocation.framework; path = System/Library/Frameworks/CoreLocation.framework; sourceTree = SDKROOT; };
		FF59B3D21A37D9C700353F8E /* MapAlarm.app */ = {isa = PBXFileReference; explicitFileType = wrapper.application; includeInIndex = 0; path = MapAlarm.app; sourceTree = BUILT_PRODUCTS_DIR; };
		FF59B3D61A37D9C700353F8E /* Info.plist */ = {isa = PBXFileReference; lastKnownFileType = text.plist.xml; path = Info.plist; sourceTree = "<group>"; };
		FF59B3D71A37D9C700353F8E /* main.m */ = {isa = PBXFileReference; lastKnownFileType = sourcecode.c.objc; path = main.m; sourceTree = "<group>"; };
		FF59B3D91A37D9C700353F8E /* AppDelegate.h */ = {isa = PBXFileReference; lastKnownFileType = sourcecode.c.h; path = AppDelegate.h; sourceTree = "<group>"; };
		FF59B3DA1A37D9C700353F8E /* AppDelegate.m */ = {isa = PBXFileReference; lastKnownFileType = sourcecode.c.objc; path = AppDelegate.m; sourceTree = "<group>"; };
		FF59B3DC1A37D9C700353F8E /* ViewController.h */ = {isa = PBXFileReference; lastKnownFileType = sourcecode.c.h; path = ViewController.h; sourceTree = "<group>"; };
		FF59B3DD1A37D9C700353F8E /* ViewController.m */ = {isa = PBXFileReference; lastKnownFileType = sourcecode.c.objc; path = ViewController.m; sourceTree = "<group>"; };
		FF59B3E01A37D9C700353F8E /* Base */ = {isa = PBXFileReference; lastKnownFileType = file.storyboard; name = Base; path = Base.lproj/Main.storyboard; sourceTree = "<group>"; };
		FF59B3E21A37D9C700353F8E /* Images.xcassets */ = {isa = PBXFileReference; lastKnownFileType = folder.assetcatalog; path = Images.xcassets; sourceTree = "<group>"; };
		FF59B3E51A37D9C700353F8E /* Base */ = {isa = PBXFileReference; lastKnownFileType = file.xib; name = Base; path = Base.lproj/LaunchScreen.xib; sourceTree = "<group>"; };
		FF59B3EB1A37D9C700353F8E /* MapAlarmTests.xctest */ = {isa = PBXFileReference; explicitFileType = wrapper.cfbundle; includeInIndex = 0; path = MapAlarmTests.xctest; sourceTree = BUILT_PRODUCTS_DIR; };
		FF59B3F01A37D9C700353F8E /* Info.plist */ = {isa = PBXFileReference; lastKnownFileType = text.plist.xml; path = Info.plist; sourceTree = "<group>"; };
		FF59B3F11A37D9C700353F8E /* MapAlarmTests.m */ = {isa = PBXFileReference; lastKnownFileType = sourcecode.c.objc; path = MapAlarmTests.m; sourceTree = "<group>"; };
		FF59B3FC1A37D9FD00353F8E /* bg.png */ = {isa = PBXFileReference; lastKnownFileType = image.png; path = bg.png; sourceTree = "<group>"; };
		FF59B3FD1A37D9FD00353F8E /* weather_background.png */ = {isa = PBXFileReference; lastKnownFileType = image.png; path = weather_background.png; sourceTree = "<group>"; };
		FF59B4001A37F20F00353F8E /* weather_cloud.png */ = {isa = PBXFileReference; lastKnownFileType = image.png; path = weather_cloud.png; sourceTree = "<group>"; };
		FF59B4021A385AD000353F8E /* bus_alarm_button_normal.png */ = {isa = PBXFileReference; lastKnownFileType = image.png; path = bus_alarm_button_normal.png; sourceTree = "<group>"; };
		FF59B4031A385AD000353F8E /* shedule_button_pressed.png */ = {isa = PBXFileReference; lastKnownFileType = image.png; path = shedule_button_pressed.png; sourceTree = "<group>"; };
		FF59B4061A387D4D00353F8E /* bus_alarm_button_pressed.png */ = {isa = PBXFileReference; lastKnownFileType = image.png; path = bus_alarm_button_pressed.png; sourceTree = "<group>"; };
		FF59B4071A387D4D00353F8E /* shedule_button_normal.png */ = {isa = PBXFileReference; lastKnownFileType = image.png; path = shedule_button_normal.png; sourceTree = "<group>"; };
		FF59B40A1A38862F00353F8E /* shedule_table_backgound.png */ = {isa = PBXFileReference; lastKnownFileType = image.png; path = shedule_table_backgound.png; sourceTree = "<group>"; };
		FF59B40C1A388D1600353F8E /* setting.png */ = {isa = PBXFileReference; lastKnownFileType = image.png; path = setting.png; sourceTree = "<group>"; };
		FF7511961A39375400821DA4 /* today_sign.png */ = {isa = PBXFileReference; lastKnownFileType = image.png; path = today_sign.png; sourceTree = "<group>"; };
		FF75119A1A3991AF00821DA4 /* Alarm.h */ = {isa = PBXFileReference; fileEncoding = 4; lastKnownFileType = sourcecode.c.h; path = Alarm.h; sourceTree = "<group>"; };
		FF75119B1A3991AF00821DA4 /* Alarm.m */ = {isa = PBXFileReference; fileEncoding = 4; lastKnownFileType = sourcecode.c.objc; path = Alarm.m; sourceTree = "<group>"; };
		FF8458211A3F047000D27C92 /* Util.h */ = {isa = PBXFileReference; fileEncoding = 4; lastKnownFileType = sourcecode.c.h; name = Util.h; path = Util/Util.h; sourceTree = "<group>"; };
		FF8458221A3F047000D27C92 /* Util.m */ = {isa = PBXFileReference; fileEncoding = 4; lastKnownFileType = sourcecode.c.objc; name = Util.m; path = Util/Util.m; sourceTree = "<group>"; };
		FF8458281A3F15D300D27C92 /* CustomAnnotation.h */ = {isa = PBXFileReference; fileEncoding = 4; lastKnownFileType = sourcecode.c.h; path = CustomAnnotation.h; sourceTree = "<group>"; };
		FF8458291A3F15D300D27C92 /* CustomAnnotation.m */ = {isa = PBXFileReference; fileEncoding = 4; lastKnownFileType = sourcecode.c.objc; path = CustomAnnotation.m; sourceTree = "<group>"; };
		FFC2401B1A427FCB0098E450 /* AudioToolbox.framework */ = {isa = PBXFileReference; lastKnownFileType = wrapper.framework; name = AudioToolbox.framework; path = System/Library/Frameworks/AudioToolbox.framework; sourceTree = SDKROOT; };
/* End PBXFileReference section */

/* Begin PBXFrameworksBuildPhase section */
		FF59B3CF1A37D9C700353F8E /* Frameworks */ = {
			isa = PBXFrameworksBuildPhase;
			buildActionMask = 2147483647;
			files = (
				FFC2401C1A427FCB0098E450 /* AudioToolbox.framework in Frameworks */,
				FF58D2611A3D663400EA13D5 /* CoreLocation.framework in Frameworks */,
				FF58D25F1A3D662400EA13D5 /* MapKit.framework in Frameworks */,
			);
			runOnlyForDeploymentPostprocessing = 0;
		};
		FF59B3E81A37D9C700353F8E /* Frameworks */ = {
			isa = PBXFrameworksBuildPhase;
			buildActionMask = 2147483647;
			files = (
			);
			runOnlyForDeploymentPostprocessing = 0;
		};
/* End PBXFrameworksBuildPhase section */

/* Begin PBXGroup section */
		A5E238B11A3F3F570028FD99 /* DatePicker */ = {
			isa = PBXGroup;
			children = (
				A5E238B21A3F3F750028FD99 /* DIDatepicker.h */,
				A5E238B31A3F3F750028FD99 /* DIDatepicker.m */,
				A5E238B41A3F3F750028FD99 /* DIDatepickerDateView.h */,
				A5E238B51A3F3F750028FD99 /* DIDatepickerDateView.m */,
				A5E238B61A3F3F750028FD99 /* SelectedAreaView.h */,
				A5E238B71A3F3F750028FD99 /* SelectedAreaView.m */,
			);
			name = DatePicker;
			sourceTree = "<group>";
		};
		FF58D2541A3D3A7700EA13D5 /* SheduleCell */ = {
			isa = PBXGroup;
			children = (
				FF58D2551A3D3A9800EA13D5 /* SheduleCell.h */,
				FF58D2561A3D3A9800EA13D5 /* SheduleCell.m */,
			);
			name = SheduleCell;
			sourceTree = "<group>";
		};
		FF59B3C91A37D9C700353F8E = {
			isa = PBXGroup;
			children = (
				FFC2401B1A427FCB0098E450 /* AudioToolbox.framework */,
				FF58D2601A3D663400EA13D5 /* CoreLocation.framework */,
				FF58D25E1A3D662400EA13D5 /* MapKit.framework */,
				FF59B3D41A37D9C700353F8E /* MapAlarm */,
				FF59B3EE1A37D9C700353F8E /* MapAlarmTests */,
				FF59B3D31A37D9C700353F8E /* Products */,
			);
			sourceTree = "<group>";
		};
		FF59B3D31A37D9C700353F8E /* Products */ = {
			isa = PBXGroup;
			children = (
				FF59B3D21A37D9C700353F8E /* MapAlarm.app */,
				FF59B3EB1A37D9C700353F8E /* MapAlarmTests.xctest */,
			);
			name = Products;
			sourceTree = "<group>";
		};
		FF59B3D41A37D9C700353F8E /* MapAlarm */ = {
			isa = PBXGroup;
			children = (
				A5E238B11A3F3F570028FD99 /* DatePicker */,
				FF8458241A3F047600D27C92 /* Util */,
				FF84581F1A3EA2B200D27C92 /* CustomAnnotation */,
				FF58D2541A3D3A7700EA13D5 /* SheduleCell */,
				FF7511981A398EC100821DA4 /* Alarm */,
				A588A8341A3FEDA2008D7094 /* SetSchedule.h */,
				A588A8351A3FEDA2008D7094 /* SetSchedule.m */,
				FF59B3D91A37D9C700353F8E /* AppDelegate.h */,
				FF59B3DA1A37D9C700353F8E /* AppDelegate.m */,
				FF59B3DC1A37D9C700353F8E /* ViewController.h */,
				FF59B3DD1A37D9C700353F8E /* ViewController.m */,
				A5FEE6F41A4159B900626C7D /* Model.xcdatamodeld */,
				A5226A371A429A9600A2A1FB /* Schedule.h */,
				A5226A381A429A9600A2A1FB /* Schedule.m */,
				A5E238BB1A3F3FAC0028FD99 /* AddEventViewController.h */,
				A5E238BC1A3F3FAC0028FD99 /* AddEventViewController.m */,
				A5FEE7351A418AD600626C7D /* CoreDataManager.h */,
				A5FEE7361A418AD600626C7D /* CoreDataManager.m */,
				FF59B3DF1A37D9C700353F8E /* Main.storyboard */,
				FF59B3E21A37D9C700353F8E /* Images.xcassets */,
				FF59B3E41A37D9C700353F8E /* LaunchScreen.xib */,
				FF59B3D51A37D9C700353F8E /* Supporting Files */,
			);
			path = MapAlarm;
			sourceTree = "<group>";
		};
		FF59B3D51A37D9C700353F8E /* Supporting Files */ = {
			isa = PBXGroup;
			children = (
				FF59B3FB1A37D9EF00353F8E /* Resource */,
				FF59B3D61A37D9C700353F8E /* Info.plist */,
				FF59B3D71A37D9C700353F8E /* main.m */,
			);
			name = "Supporting Files";
			sourceTree = "<group>";
		};
		FF59B3EE1A37D9C700353F8E /* MapAlarmTests */ = {
			isa = PBXGroup;
			children = (
				FF59B3F11A37D9C700353F8E /* MapAlarmTests.m */,
				FF59B3EF1A37D9C700353F8E /* Supporting Files */,
			);
			path = MapAlarmTests;
			sourceTree = "<group>";
		};
		FF59B3EF1A37D9C700353F8E /* Supporting Files */ = {
			isa = PBXGroup;
			children = (
				FF59B3F01A37D9C700353F8E /* Info.plist */,
			);
			name = "Supporting Files";
			sourceTree = "<group>";
		};
		FF59B3FB1A37D9EF00353F8E /* Resource */ = {
			isa = PBXGroup;
			children = (
				A5B90F271A406D8100020A0E /* go_back.png */,
				A5B90F231A406A9E00020A0E /* alert_sign.png */,
				A5B90F211A406A9800020A0E /* bus_no_sign.png */,
				FF58D25A1A3D4DCB00EA13D5 /* location_sign.png */,
				FF7511961A39375400821DA4 /* today_sign.png */,
				FF59B40C1A388D1600353F8E /* setting.png */,
				FF59B40A1A38862F00353F8E /* shedule_table_backgound.png */,
				FF59B4061A387D4D00353F8E /* bus_alarm_button_pressed.png */,
				FF59B4021A385AD000353F8E /* bus_alarm_button_normal.png */,
				FF59B4071A387D4D00353F8E /* shedule_button_normal.png */,
				FF59B4031A385AD000353F8E /* shedule_button_pressed.png */,
				FF59B4001A37F20F00353F8E /* weather_cloud.png */,
				FF59B3FC1A37D9FD00353F8E /* bg.png */,
				FF59B3FD1A37D9FD00353F8E /* weather_background.png */,
			);
			name = Resource;
			sourceTree = "<group>";
		};
		FF7511981A398EC100821DA4 /* Alarm */ = {
			isa = PBXGroup;
			children = (
				FF75119A1A3991AF00821DA4 /* Alarm.h */,
				FF75119B1A3991AF00821DA4 /* Alarm.m */,
			);
			name = Alarm;
			sourceTree = "<group>";
		};
		FF84581F1A3EA2B200D27C92 /* CustomAnnotation */ = {
			isa = PBXGroup;
			children = (
				FF8458281A3F15D300D27C92 /* CustomAnnotation.h */,
				FF8458291A3F15D300D27C92 /* CustomAnnotation.m */,
			);
			name = CustomAnnotation;
			sourceTree = "<group>";
		};
		FF8458241A3F047600D27C92 /* Util */ = {
			isa = PBXGroup;
			children = (
				FF8458211A3F047000D27C92 /* Util.h */,
				FF8458221A3F047000D27C92 /* Util.m */,
			);
			name = Util;
			sourceTree = "<group>";
		};
/* End PBXGroup section */

/* Begin PBXNativeTarget section */
		FF59B3D11A37D9C700353F8E /* MapAlarm */ = {
			isa = PBXNativeTarget;
			buildConfigurationList = FF59B3F51A37D9C800353F8E /* Build configuration list for PBXNativeTarget "MapAlarm" */;
			buildPhases = (
				FF59B3CE1A37D9C700353F8E /* Sources */,
				FF59B3CF1A37D9C700353F8E /* Frameworks */,
				FF59B3D01A37D9C700353F8E /* Resources */,
			);
			buildRules = (
			);
			dependencies = (
			);
			name = MapAlarm;
			productName = MapAlarm;
			productReference = FF59B3D21A37D9C700353F8E /* MapAlarm.app */;
			productType = "com.apple.product-type.application";
		};
		FF59B3EA1A37D9C700353F8E /* MapAlarmTests */ = {
			isa = PBXNativeTarget;
			buildConfigurationList = FF59B3F81A37D9C800353F8E /* Build configuration list for PBXNativeTarget "MapAlarmTests" */;
			buildPhases = (
				FF59B3E71A37D9C700353F8E /* Sources */,
				FF59B3E81A37D9C700353F8E /* Frameworks */,
				FF59B3E91A37D9C700353F8E /* Resources */,
			);
			buildRules = (
			);
			dependencies = (
				FF59B3ED1A37D9C700353F8E /* PBXTargetDependency */,
			);
			name = MapAlarmTests;
			productName = MapAlarmTests;
			productReference = FF59B3EB1A37D9C700353F8E /* MapAlarmTests.xctest */;
			productType = "com.apple.product-type.bundle.unit-test";
		};
/* End PBXNativeTarget section */

/* Begin PBXProject section */
		FF59B3CA1A37D9C700353F8E /* Project object */ = {
			isa = PBXProject;
			attributes = {
				LastUpgradeCheck = 0610;
				ORGANIZATIONNAME = "邓永辉";
				TargetAttributes = {
					FF59B3D11A37D9C700353F8E = {
						CreatedOnToolsVersion = 6.1.1;
					};
					FF59B3EA1A37D9C700353F8E = {
						CreatedOnToolsVersion = 6.1.1;
						TestTargetID = FF59B3D11A37D9C700353F8E;
					};
				};
			};
			buildConfigurationList = FF59B3CD1A37D9C700353F8E /* Build configuration list for PBXProject "MapAlarm" */;
			compatibilityVersion = "Xcode 3.2";
			developmentRegion = English;
			hasScannedForEncodings = 0;
			knownRegions = (
				en,
				Base,
			);
			mainGroup = FF59B3C91A37D9C700353F8E;
			productRefGroup = FF59B3D31A37D9C700353F8E /* Products */;
			projectDirPath = "";
			projectRoot = "";
			targets = (
				FF59B3D11A37D9C700353F8E /* MapAlarm */,
				FF59B3EA1A37D9C700353F8E /* MapAlarmTests */,
			);
		};
/* End PBXProject section */

/* Begin PBXResourcesBuildPhase section */
		FF59B3D01A37D9C700353F8E /* Resources */ = {
			isa = PBXResourcesBuildPhase;
			buildActionMask = 2147483647;
			files = (
				A5B90F241A406A9E00020A0E /* alert_sign.png in Resources */,
				FF59B4051A385AD000353F8E /* shedule_button_pressed.png in Resources */,
				FF8458301A3F179B00D27C92 /* (null) in Resources */,
				FF59B4091A387D4D00353F8E /* shedule_button_normal.png in Resources */,
				FF59B4041A385AD000353F8E /* bus_alarm_button_normal.png in Resources */,
				FF58D25B1A3D4DCB00EA13D5 /* location_sign.png in Resources */,
				FF59B3E11A37D9C700353F8E /* Main.storyboard in Resources */,
				FF59B3FF1A37D9FD00353F8E /* weather_background.png in Resources */,
				FF59B3E61A37D9C700353F8E /* LaunchScreen.xib in Resources */,
				FF59B3FE1A37D9FD00353F8E /* bg.png in Resources */,
				FF59B4011A37F20F00353F8E /* weather_cloud.png in Resources */,
				FF7511971A39375400821DA4 /* today_sign.png in Resources */,
				A5B90F281A406D8100020A0E /* go_back.png in Resources */,
				FF59B40D1A388D1600353F8E /* setting.png in Resources */,
				FF59B3E31A37D9C700353F8E /* Images.xcassets in Resources */,
				A5B90F221A406A9800020A0E /* bus_no_sign.png in Resources */,
				FF59B4081A387D4D00353F8E /* bus_alarm_button_pressed.png in Resources */,
				FF59B40B1A38862F00353F8E /* shedule_table_backgound.png in Resources */,
			);
			runOnlyForDeploymentPostprocessing = 0;
		};
		FF59B3E91A37D9C700353F8E /* Resources */ = {
			isa = PBXResourcesBuildPhase;
			buildActionMask = 2147483647;
			files = (
			);
			runOnlyForDeploymentPostprocessing = 0;
		};
/* End PBXResourcesBuildPhase section */

/* Begin PBXSourcesBuildPhase section */
		FF59B3CE1A37D9C700353F8E /* Sources */ = {
			isa = PBXSourcesBuildPhase;
			buildActionMask = 2147483647;
			files = (
				A5226A391A429A9600A2A1FB /* Schedule.m in Sources */,
				FF59B3DE1A37D9C700353F8E /* ViewController.m in Sources */,
				FF58D2571A3D3A9800EA13D5 /* SheduleCell.m in Sources */,
				A5E238B81A3F3F750028FD99 /* DIDatepicker.m in Sources */,
				A5E238B91A3F3F750028FD99 /* DIDatepickerDateView.m in Sources */,
				FF59B3DB1A37D9C700353F8E /* AppDelegate.m in Sources */,
				A588A8361A3FEDA2008D7094 /* SetSchedule.m in Sources */,
				FF59B3D81A37D9C700353F8E /* main.m in Sources */,
				A5E238BD1A3F3FAC0028FD99 /* AddEventViewController.m in Sources */,
				A5E238BA1A3F3F750028FD99 /* SelectedAreaView.m in Sources */,
				FF8458231A3F047000D27C92 /* Util.m in Sources */,
				FF84582A1A3F15D300D27C92 /* CustomAnnotation.m in Sources */,
				A5FEE7371A418AD600626C7D /* CoreDataManager.m in Sources */,
				A5FEE6F61A4159B900626C7D /* Model.xcdatamodeld in Sources */,
				FF75119C1A3991AF00821DA4 /* Alarm.m in Sources */,
			);
			runOnlyForDeploymentPostprocessing = 0;
		};
		FF59B3E71A37D9C700353F8E /* Sources */ = {
			isa = PBXSourcesBuildPhase;
			buildActionMask = 2147483647;
			files = (
				FF59B3F21A37D9C700353F8E /* MapAlarmTests.m in Sources */,
			);
			runOnlyForDeploymentPostprocessing = 0;
		};
/* End PBXSourcesBuildPhase section */

/* Begin PBXTargetDependency section */
		FF59B3ED1A37D9C700353F8E /* PBXTargetDependency */ = {
			isa = PBXTargetDependency;
			target = FF59B3D11A37D9C700353F8E /* MapAlarm */;
			targetProxy = FF59B3EC1A37D9C700353F8E /* PBXContainerItemProxy */;
		};
/* End PBXTargetDependency section */

/* Begin PBXVariantGroup section */
		FF59B3DF1A37D9C700353F8E /* Main.storyboard */ = {
			isa = PBXVariantGroup;
			children = (
				FF59B3E01A37D9C700353F8E /* Base */,
			);
			name = Main.storyboard;
			sourceTree = "<group>";
		};
		FF59B3E41A37D9C700353F8E /* LaunchScreen.xib */ = {
			isa = PBXVariantGroup;
			children = (
				FF59B3E51A37D9C700353F8E /* Base */,
			);
			name = LaunchScreen.xib;
			sourceTree = "<group>";
		};
/* End PBXVariantGroup section */

/* Begin XCBuildConfiguration section */
		FF59B3F31A37D9C800353F8E /* Debug */ = {
			isa = XCBuildConfiguration;
			buildSettings = {
				ALWAYS_SEARCH_USER_PATHS = NO;
				CLANG_CXX_LANGUAGE_STANDARD = "gnu++0x";
				CLANG_CXX_LIBRARY = "libc++";
				CLANG_ENABLE_MODULES = YES;
				CLANG_ENABLE_OBJC_ARC = YES;
				CLANG_WARN_BOOL_CONVERSION = YES;
				CLANG_WARN_CONSTANT_CONVERSION = YES;
				CLANG_WARN_DIRECT_OBJC_ISA_USAGE = YES_ERROR;
				CLANG_WARN_EMPTY_BODY = YES;
				CLANG_WARN_ENUM_CONVERSION = YES;
				CLANG_WARN_INT_CONVERSION = YES;
				CLANG_WARN_OBJC_ROOT_CLASS = YES_ERROR;
				CLANG_WARN_UNREACHABLE_CODE = YES;
				CLANG_WARN__DUPLICATE_METHOD_MATCH = YES;
				"CODE_SIGN_IDENTITY[sdk=iphoneos*]" = "iPhone Developer";
				COPY_PHASE_STRIP = NO;
				ENABLE_STRICT_OBJC_MSGSEND = YES;
				GCC_C_LANGUAGE_STANDARD = gnu99;
				GCC_DYNAMIC_NO_PIC = NO;
				GCC_OPTIMIZATION_LEVEL = 0;
				GCC_PREPROCESSOR_DEFINITIONS = (
					"DEBUG=1",
					"$(inherited)",
				);
				GCC_SYMBOLS_PRIVATE_EXTERN = NO;
				GCC_WARN_64_TO_32_BIT_CONVERSION = YES;
				GCC_WARN_ABOUT_RETURN_TYPE = YES_ERROR;
				GCC_WARN_UNDECLARED_SELECTOR = YES;
				GCC_WARN_UNINITIALIZED_AUTOS = YES_AGGRESSIVE;
				GCC_WARN_UNUSED_FUNCTION = YES;
				GCC_WARN_UNUSED_VARIABLE = YES;
				IPHONEOS_DEPLOYMENT_TARGET = 8.1;
				MTL_ENABLE_DEBUG_INFO = YES;
				ONLY_ACTIVE_ARCH = YES;
				SDKROOT = iphoneos;
				TARGETED_DEVICE_FAMILY = "1,2";
			};
			name = Debug;
		};
		FF59B3F41A37D9C800353F8E /* Release */ = {
			isa = XCBuildConfiguration;
			buildSettings = {
				ALWAYS_SEARCH_USER_PATHS = NO;
				CLANG_CXX_LANGUAGE_STANDARD = "gnu++0x";
				CLANG_CXX_LIBRARY = "libc++";
				CLANG_ENABLE_MODULES = YES;
				CLANG_ENABLE_OBJC_ARC = YES;
				CLANG_WARN_BOOL_CONVERSION = YES;
				CLANG_WARN_CONSTANT_CONVERSION = YES;
				CLANG_WARN_DIRECT_OBJC_ISA_USAGE = YES_ERROR;
				CLANG_WARN_EMPTY_BODY = YES;
				CLANG_WARN_ENUM_CONVERSION = YES;
				CLANG_WARN_INT_CONVERSION = YES;
				CLANG_WARN_OBJC_ROOT_CLASS = YES_ERROR;
				CLANG_WARN_UNREACHABLE_CODE = YES;
				CLANG_WARN__DUPLICATE_METHOD_MATCH = YES;
				"CODE_SIGN_IDENTITY[sdk=iphoneos*]" = "iPhone Developer";
				COPY_PHASE_STRIP = YES;
				ENABLE_NS_ASSERTIONS = NO;
				ENABLE_STRICT_OBJC_MSGSEND = YES;
				GCC_C_LANGUAGE_STANDARD = gnu99;
				GCC_WARN_64_TO_32_BIT_CONVERSION = YES;
				GCC_WARN_ABOUT_RETURN_TYPE = YES_ERROR;
				GCC_WARN_UNDECLARED_SELECTOR = YES;
				GCC_WARN_UNINITIALIZED_AUTOS = YES_AGGRESSIVE;
				GCC_WARN_UNUSED_FUNCTION = YES;
				GCC_WARN_UNUSED_VARIABLE = YES;
				IPHONEOS_DEPLOYMENT_TARGET = 8.1;
				MTL_ENABLE_DEBUG_INFO = NO;
				SDKROOT = iphoneos;
				TARGETED_DEVICE_FAMILY = "1,2";
				VALIDATE_PRODUCT = YES;
			};
			name = Release;
		};
		FF59B3F61A37D9C800353F8E /* Debug */ = {
			isa = XCBuildConfiguration;
			buildSettings = {
				ASSETCATALOG_COMPILER_APPICON_NAME = AppIcon;
				INFOPLIST_FILE = MapAlarm/Info.plist;
				LD_RUNPATH_SEARCH_PATHS = "$(inherited) @executable_path/Frameworks";
				PRODUCT_NAME = "$(TARGET_NAME)";
			};
			name = Debug;
		};
		FF59B3F71A37D9C800353F8E /* Release */ = {
			isa = XCBuildConfiguration;
			buildSettings = {
				ASSETCATALOG_COMPILER_APPICON_NAME = AppIcon;
				INFOPLIST_FILE = MapAlarm/Info.plist;
				LD_RUNPATH_SEARCH_PATHS = "$(inherited) @executable_path/Frameworks";
				PRODUCT_NAME = "$(TARGET_NAME)";
			};
			name = Release;
		};
		FF59B3F91A37D9C800353F8E /* Debug */ = {
			isa = XCBuildConfiguration;
			buildSettings = {
				BUNDLE_LOADER = "$(TEST_HOST)";
				FRAMEWORK_SEARCH_PATHS = (
					"$(SDKROOT)/Developer/Library/Frameworks",
					"$(inherited)",
				);
				GCC_PREPROCESSOR_DEFINITIONS = (
					"DEBUG=1",
					"$(inherited)",
				);
				INFOPLIST_FILE = MapAlarmTests/Info.plist;
				LD_RUNPATH_SEARCH_PATHS = "$(inherited) @executable_path/Frameworks @loader_path/Frameworks";
				PRODUCT_NAME = "$(TARGET_NAME)";
				TEST_HOST = "$(BUILT_PRODUCTS_DIR)/MapAlarm.app/MapAlarm";
			};
			name = Debug;
		};
		FF59B3FA1A37D9C800353F8E /* Release */ = {
			isa = XCBuildConfiguration;
			buildSettings = {
				BUNDLE_LOADER = "$(TEST_HOST)";
				FRAMEWORK_SEARCH_PATHS = (
					"$(SDKROOT)/Developer/Library/Frameworks",
					"$(inherited)",
				);
				INFOPLIST_FILE = MapAlarmTests/Info.plist;
				LD_RUNPATH_SEARCH_PATHS = "$(inherited) @executable_path/Frameworks @loader_path/Frameworks";
				PRODUCT_NAME = "$(TARGET_NAME)";
				TEST_HOST = "$(BUILT_PRODUCTS_DIR)/MapAlarm.app/MapAlarm";
			};
			name = Release;
		};
/* End XCBuildConfiguration section */

/* Begin XCConfigurationList section */
		FF59B3CD1A37D9C700353F8E /* Build configuration list for PBXProject "MapAlarm" */ = {
			isa = XCConfigurationList;
			buildConfigurations = (
				FF59B3F31A37D9C800353F8E /* Debug */,
				FF59B3F41A37D9C800353F8E /* Release */,
			);
			defaultConfigurationIsVisible = 0;
			defaultConfigurationName = Release;
		};
		FF59B3F51A37D9C800353F8E /* Build configuration list for PBXNativeTarget "MapAlarm" */ = {
			isa = XCConfigurationList;
			buildConfigurations = (
				FF59B3F61A37D9C800353F8E /* Debug */,
				FF59B3F71A37D9C800353F8E /* Release */,
			);
			defaultConfigurationIsVisible = 0;
			defaultConfigurationName = Release;
		};
		FF59B3F81A37D9C800353F8E /* Build configuration list for PBXNativeTarget "MapAlarmTests" */ = {
			isa = XCConfigurationList;
			buildConfigurations = (
				FF59B3F91A37D9C800353F8E /* Debug */,
				FF59B3FA1A37D9C800353F8E /* Release */,
			);
			defaultConfigurationIsVisible = 0;
			defaultConfigurationName = Release;
		};
/* End XCConfigurationList section */

/* Begin XCVersionGroup section */
		A5FEE6F41A4159B900626C7D /* Model.xcdatamodeld */ = {
			isa = XCVersionGroup;
			children = (
				A5FEE6F51A4159B900626C7D /* Model.xcdatamodel */,
			);
			currentVersion = A5FEE6F51A4159B900626C7D /* Model.xcdatamodel */;
			path = Model.xcdatamodeld;
			sourceTree = "<group>";
			versionGroupType = wrapper.xcdatamodel;
		};
/* End XCVersionGroup section */
	};
	rootObject = FF59B3CA1A37D9C700353F8E /* Project object */;
}
